
Microsoft Visual Studio Solution File, Format Version 12.00
# Visual Studio Version 17
VisualStudioVersion = 17.5.002.0
MinimumVisualStudioVersion = 10.0.40219.1
Project("{9A19103F-16F7-4668-BE54-9A1E7A4F7556}") = "sem_1", "sem_1.csproj", "{EAF963FF-E9B7-4959-84BD-034920160282}"
EndProject
Global
	GlobalSection(SolutionConfigurationPlatforms) = preSolution
		Debug|Any CPU = Debug|Any CPU
		Release|Any CPU = Release|Any CPU
	EndGlobalSection
	GlobalSection(ProjectConfigurationPlatforms) = postSolution
		{EAF963FF-E9B7-4959-84BD-034920160282}.Debug|Any CPU.ActiveCfg = Debug|Any CPU
		{EAF963FF-E9B7-4959-84BD-034920160282}.Debug|Any CPU.Build.0 = Debug|Any CPU
		{EAF963FF-E9B7-4959-84BD-034920160282}.Release|Any CPU.ActiveCfg = Release|Any CPU
		{EAF963FF-E9B7-4959-84BD-034920160282}.Release|Any CPU.Build.0 = Release|Any CPU
	EndGlobalSection
	GlobalSection(SolutionProperties) = preSolution
		HideSolutionNode = FALSE
	EndGlobalSection
	GlobalSection(ExtensibilityGlobals) = postSolution
		SolutionGuid = {6D08F78A-D197-43F6-8B76-EACCE987BA1F}
	EndGlobalSection
EndGlobal
