
Microsoft Visual Studio Solution File, Format Version 12.00
# Visual Studio Version 17
VisualStudioVersion = 17.5.002.0
MinimumVisualStudioVersion = 10.0.40219.1
Project("{9A19103F-16F7-4668-BE54-9A1E7A4F7556}") = "task03", "task03.csproj", "{DF7544E7-49DA-4C1C-BF53-B8A4E83710E2}"
EndProject
Global
	GlobalSection(SolutionConfigurationPlatforms) = preSolution
		Debug|Any CPU = Debug|Any CPU
		Release|Any CPU = Release|Any CPU
	EndGlobalSection
	GlobalSection(ProjectConfigurationPlatforms) = postSolution
		{DF7544E7-49DA-4C1C-BF53-B8A4E83710E2}.Debug|Any CPU.ActiveCfg = Debug|Any CPU
		{DF7544E7-49DA-4C1C-BF53-B8A4E83710E2}.Debug|Any CPU.Build.0 = Debug|Any CPU
		{DF7544E7-49DA-4C1C-BF53-B8A4E83710E2}.Release|Any CPU.ActiveCfg = Release|Any CPU
		{DF7544E7-49DA-4C1C-BF53-B8A4E83710E2}.Release|Any CPU.Build.0 = Release|Any CPU
	EndGlobalSection
	GlobalSection(SolutionProperties) = preSolution
		HideSolutionNode = FALSE
	EndGlobalSection
	GlobalSection(ExtensibilityGlobals) = postSolution
		SolutionGuid = {B5ECE4CC-3F76-49F1-9945-37F34D037C86}
	EndGlobalSection
EndGlobal
